
Microsoft Visual Studio Solution File, Format Version 12.00
# Visual Studio Version 16
VisualStudioVersion = 16.0.29709.97
MinimumVisualStudioVersion = 10.0.40219.1
Project("{6989167D-11E4-40FE-8C1A-2192A86A7E90}") = "GUI", "GUI\GUI.vfproj", "{BFD5289D-3D77-440E-95E8-FD080F2AB62F}"
EndProject
Project("{6989167D-11E4-40FE-8C1A-2192A86A7E90}") = "Fortran_Milestones", "Fortran_Milestones\Fortran_Milestones.vfproj", "{99CDA017-9C9D-4B88-A952-EE8597879E27}"
EndProject
Project("{888888A0-9F3D-457C-B088-3A5042F75D52}") = "Python_Milestones", "Python_Milestones\sources\Python_Milestones.pyproj", "{B34CA7EE-EF79-4D45-AD82-6D0F7D99A524}"
EndProject
Project("{2150E333-8FDC-42A3-9474-1A3956D46DE8}") = "Solution Items", "Solution Items", "{5696BAA7-219E-4F37-BCDD-ABE4A625D688}"
	ProjectSection(SolutionItems) = preProject
		README.md = README.md
	EndProjectSection
EndProject
Global
	GlobalSection(SolutionConfigurationPlatforms) = preSolution
		Debug|Any CPU = Debug|Any CPU
		Debug|x64 = Debug|x64
		Debug|x86 = Debug|x86
		Release|Any CPU = Release|Any CPU
		Release|x64 = Release|x64
		Release|x86 = Release|x86
	EndGlobalSection
	GlobalSection(ProjectConfigurationPlatforms) = postSolution
		{BFD5289D-3D77-440E-95E8-FD080F2AB62F}.Debug|Any CPU.ActiveCfg = Debug|Win32
		{BFD5289D-3D77-440E-95E8-FD080F2AB62F}.Debug|x64.ActiveCfg = Debug|x64
		{BFD5289D-3D77-440E-95E8-FD080F2AB62F}.Debug|x64.Build.0 = Debug|x64
		{BFD5289D-3D77-440E-95E8-FD080F2AB62F}.Debug|x86.ActiveCfg = Debug|x64
		{BFD5289D-3D77-440E-95E8-FD080F2AB62F}.Debug|x86.Build.0 = Debug|x64
		{BFD5289D-3D77-440E-95E8-FD080F2AB62F}.Release|Any CPU.ActiveCfg = Release|Win32
		{BFD5289D-3D77-440E-95E8-FD080F2AB62F}.Release|x64.ActiveCfg = Release|x64
		{BFD5289D-3D77-440E-95E8-FD080F2AB62F}.Release|x64.Build.0 = Release|x64
		{BFD5289D-3D77-440E-95E8-FD080F2AB62F}.Release|x86.ActiveCfg = Release|x64
		{BFD5289D-3D77-440E-95E8-FD080F2AB62F}.Release|x86.Build.0 = Release|x64
		{99CDA017-9C9D-4B88-A952-EE8597879E27}.Debug|Any CPU.ActiveCfg = Debug|Win32
		{99CDA017-9C9D-4B88-A952-EE8597879E27}.Debug|x64.ActiveCfg = Debug|x64
		{99CDA017-9C9D-4B88-A952-EE8597879E27}.Debug|x64.Build.0 = Debug|x64
		{99CDA017-9C9D-4B88-A952-EE8597879E27}.Debug|x86.ActiveCfg = Debug|Win32
		{99CDA017-9C9D-4B88-A952-EE8597879E27}.Debug|x86.Build.0 = Debug|Win32
		{99CDA017-9C9D-4B88-A952-EE8597879E27}.Release|Any CPU.ActiveCfg = Release|Win32
		{99CDA017-9C9D-4B88-A952-EE8597879E27}.Release|x64.ActiveCfg = Release|x64
		{99CDA017-9C9D-4B88-A952-EE8597879E27}.Release|x64.Build.0 = Release|x64
		{99CDA017-9C9D-4B88-A952-EE8597879E27}.Release|x86.ActiveCfg = Release|x64
		{99CDA017-9C9D-4B88-A952-EE8597879E27}.Release|x86.Build.0 = Release|x64
		{B34CA7EE-EF79-4D45-AD82-6D0F7D99A524}.Debug|Any CPU.ActiveCfg = Debug|Any CPU
		{B34CA7EE-EF79-4D45-AD82-6D0F7D99A524}.Debug|x64.ActiveCfg = Debug|Any CPU
		{B34CA7EE-EF79-4D45-AD82-6D0F7D99A524}.Debug|x86.ActiveCfg = Debug|Any CPU
		{B34CA7EE-EF79-4D45-AD82-6D0F7D99A524}.Release|Any CPU.ActiveCfg = Release|Any CPU
		{B34CA7EE-EF79-4D45-AD82-6D0F7D99A524}.Release|x64.ActiveCfg = Release|Any CPU
		{B34CA7EE-EF79-4D45-AD82-6D0F7D99A524}.Release|x86.ActiveCfg = Release|Any CPU
	EndGlobalSection
	GlobalSection(SolutionProperties) = preSolution
		HideSolutionNode = FALSE
	EndGlobalSection
	GlobalSection(ExtensibilityGlobals) = postSolution
		SolutionGuid = {85FC6151-C37D-4648-8D37-624856EBAC90}
	EndGlobalSection
EndGlobal
