
Microsoft Visual Studio Solution File, Format Version 12.00
# Visual Studio Version 17
VisualStudioVersion = 17.6.33815.320
MinimumVisualStudioVersion = 10.0.40219.1
Project("{888888A0-9F3D-457C-B088-3A5042F75D52}") = "Python_Milestones", "Python_Milestones\sources\Python_Milestones.pyproj", "{B34CA7EE-EF79-4D45-AD82-6D0F7D99A524}"
EndProject
Project("{2150E333-8FDC-42A3-9474-1A3956D46DE8}") = "Solution Items", "Solution Items", "{5696BAA7-219E-4F37-BCDD-ABE4A625D688}"
	ProjectSection(SolutionItems) = preProject
		README.md = README.md
	EndProjectSection
EndProject
Project("{888888A0-9F3D-457C-B088-3A5042F75D52}") = "Python Semester 1 week by week", "Python Semester 1 week by week\Python Semester 1 week by week.pyproj", "{A4E35496-6988-4CEA-BFD9-F81563677F99}"
EndProject
Global
	GlobalSection(SolutionConfigurationPlatforms) = preSolution
		Debug|Any CPU = Debug|Any CPU
		Debug|x64 = Debug|x64
		Debug|x86 = Debug|x86
		Release|Any CPU = Release|Any CPU
		Release|x64 = Release|x64
		Release|x86 = Release|x86
	EndGlobalSection
	GlobalSection(ProjectConfigurationPlatforms) = postSolution
		{B34CA7EE-EF79-4D45-AD82-6D0F7D99A524}.Debug|Any CPU.ActiveCfg = Debug|Any CPU
		{B34CA7EE-EF79-4D45-AD82-6D0F7D99A524}.Debug|x64.ActiveCfg = Debug|Any CPU
		{B34CA7EE-EF79-4D45-AD82-6D0F7D99A524}.Debug|x86.ActiveCfg = Debug|Any CPU
		{B34CA7EE-EF79-4D45-AD82-6D0F7D99A524}.Release|Any CPU.ActiveCfg = Release|Any CPU
		{B34CA7EE-EF79-4D45-AD82-6D0F7D99A524}.Release|x64.ActiveCfg = Release|Any CPU
		{B34CA7EE-EF79-4D45-AD82-6D0F7D99A524}.Release|x86.ActiveCfg = Release|Any CPU
		{A4E35496-6988-4CEA-BFD9-F81563677F99}.Debug|Any CPU.ActiveCfg = Debug|Any CPU
		{A4E35496-6988-4CEA-BFD9-F81563677F99}.Debug|x64.ActiveCfg = Debug|Any CPU
		{A4E35496-6988-4CEA-BFD9-F81563677F99}.Debug|x86.ActiveCfg = Debug|Any CPU
		{A4E35496-6988-4CEA-BFD9-F81563677F99}.Release|Any CPU.ActiveCfg = Release|Any CPU
		{A4E35496-6988-4CEA-BFD9-F81563677F99}.Release|x64.ActiveCfg = Release|Any CPU
		{A4E35496-6988-4CEA-BFD9-F81563677F99}.Release|x86.ActiveCfg = Release|Any CPU
	EndGlobalSection
	GlobalSection(SolutionProperties) = preSolution
		HideSolutionNode = FALSE
	EndGlobalSection
	GlobalSection(ExtensibilityGlobals) = postSolution
		SolutionGuid = {85FC6151-C37D-4648-8D37-624856EBAC90}
	EndGlobalSection
EndGlobal
